
Microsoft Visual Studio Solution File, Format Version 12.00
# Visual Studio Version 16
VisualStudioVersion = 16.0.31515.178
MinimumVisualStudioVersion = 10.0.40219.1
Project("{FAE04EC0-301F-11D3-BF4B-00C04F79EFBC}") = "Spinner_Demo", "Spinner_Demo\Spinner_Demo.csproj", "{FEC2AC27-A8C9-4910-B875-2372E8BF265B}"
EndProject
Global
	GlobalSection(SolutionConfigurationPlatforms) = preSolution
		Debug|Any CPU = Debug|Any CPU
		Release|Any CPU = Release|Any CPU
	EndGlobalSection
	GlobalSection(ProjectConfigurationPlatforms) = postSolution
		{FEC2AC27-A8C9-4910-B875-2372E8BF265B}.Debug|Any CPU.ActiveCfg = Debug|Any CPU
		{FEC2AC27-A8C9-4910-B875-2372E8BF265B}.Debug|Any CPU.Build.0 = Debug|Any CPU
		{FEC2AC27-A8C9-4910-B875-2372E8BF265B}.Debug|Any CPU.Deploy.0 = Debug|Any CPU
		{FEC2AC27-A8C9-4910-B875-2372E8BF265B}.Release|Any CPU.ActiveCfg = Release|Any CPU
		{FEC2AC27-A8C9-4910-B875-2372E8BF265B}.Release|Any CPU.Build.0 = Release|Any CPU
		{FEC2AC27-A8C9-4910-B875-2372E8BF265B}.Release|Any CPU.Deploy.0 = Release|Any CPU
	EndGlobalSection
	GlobalSection(SolutionProperties) = preSolution
		HideSolutionNode = FALSE
	EndGlobalSection
	GlobalSection(ExtensibilityGlobals) = postSolution
		SolutionGuid = {21E00FB5-6D90-4AE2-8F9E-925D9A40697D}
	EndGlobalSection
EndGlobal
